github.com/gnoso/go-bindata v0.0.0-20121227020415-f520059eecf3 h1:ClRPBJq+YjnrBgMMvbSdY1+2RRPSVzXK3I6aF9jh1BY=
github.com/gnoso/go-bindata v0.0.0-20121227020415-f520059eecf3/go.mod h1:RTXWMFSN2eYZgnY5xejzOslYrVecSVsiHRCfpfpoc2U=
github.com/go-gl-legacy/gl v0.0.0-20150223033340-df25b1fe668d h1:oY2a2QcxTvYnrea/vDFbwkBkBDDGFva+7M6wdI9M4yw=
github.com/go-gl-legacy/gl v0.0.0-20150223033340-df25b1fe668d/go.mod h1:LtNMH/pb8ZOBt9UzPsxrXK3/jT5qnQuiBYCrTgj4D64=
github.com/google/pprof v0.0.0-20190208070709-b421f19a5c07 h1:a8gLxYPNyi4nj8mRSyv71dzsQgGDEOo4Fg4nWcyUBto=
github.com/google/pprof v0.0.0-20190208070709-b421f19a5c07/go.mod h1:zfwlbNMJ+OItoe0UupaVj+oy1omPYYDuagoSzA8v9mc=
github.com/ianlancetaylor/demangle v0.0.0-20181102032728-5e5cf60278f6/go.mod h1:aSSvb/t6k1mPoxDqO4vJh6VOCGPwU4O0C2/Eqndh1Sc=
github.com/robertkrimen/otto v0.0.0-20180617131154-15f95af6e78d h1:1VUlQbCfkoSGv7qP7Y+ro3ap1P1pPZxgdGVqiTVy5C4=
github.com/robertkrimen/otto v0.0.0-20180617131154-15f95af6e78d/go.mod h1:xvqspoSXJTIpemEonrMDFq6XzwHYYgToXWj5eRX1OtY=
github.com/scottferg/Fergulator v0.0.0-20160225174419-6b31addba03c h1:PPu1iZBqMtyjKVDS3bWrxp5RoNlN2mD9pnU42ME+ubI=
github.com/scottferg/Fergulator v0.0.0-20160225174419-6b31addba03c/go.mod h1:GTWds/cMhq9a0APySp4pdi/B1hScOsEWyzDZjbaJL2E=
github.com/scottferg/Go-SDL v0.0.0-20140327141634-cb4f73fb88cc h1:XaUBgyHiNACKl/lW73xMFY/c+YT26y/NkxFDzUAqu/w=
github.com/scottferg/Go-SDL v0.0.0-20140327141634-cb4f73fb88cc/go.mod h1:Q7OT0BXoMQSJAH+jgq6t8oC5FeBJTvtK2nwCmfR10i0=
github.com/scottferg/fergulator v0.0.0-20160225174419-6b31addba03c h1:djBEPMUSwN4LXuz2zlBwJMUeVcIeB7J1y7DFtzJQWW0=
github.com/scottferg/fergulator v0.0.0-20160225174419-6b31addba03c/go.mod h1:BA1IqTVPXSJf7WTacg/Mdv+09eZpDvcEbmB1nFvGWNQ=
github.com/veandco/go-sdl2 v0.3.0 h1:IWYkHMp8V3v37NsKjszln8FFnX2+ab0538J371t+rss=
github.com/veandco/go-sdl2 v0.3.0/go.mod h1:FB+kTpX9YTE+urhYiClnRzpOXbiWgaU3+5F2AB78DPg=
github.com/veandco/go-sdl2-examples v0.0.0-20181217010226-b9da832c2306 h1:OKHdojLgfSE5d1Cv1pK0qHn/sc3TjyBQdyBPiVv+Rys=
github.com/veandco/go-sdl2-examples v0.0.0-20181217010226-b9da832c2306/go.mod h1:xHK3IjtaTW+//4LoCyfIg2y6uDgAnw/B7D0P9Ox5sW4=
golang.org/x/arch v0.0.0-20181203225421-5a4828bb7045/go.mod h1:cYlCBUl1MsqxdiKgmc4uh7TxZfWSFLOGSRR090WDxt8=
golang.org/x/crypto v0.0.0-20190211182817-74369b46fc67 h1:ng3VDlRp5/DHpSWl02R4rM9I+8M2rhmsuLwAMmkLQWE=
golang.org/x/crypto v0.0.0-20190211182817-74369b46fc67/go.mod h1:6SG95UA2DQfeDnfUPMdvaQW0Q7yPrPDi9nlGo2tz2b4=
golang.org/x/sys v0.0.0-20190209173611-3b5209105503 h1:5SvYFrOM3W8Mexn9/oA44Ji7vhXAZQ9hiP+1Q/DMrWg=
golang.org/x/sys v0.0.0-20190209173611-3b5209105503/go.mod h1:STP8DvDyc/dI5b8T5hshtkjS+E42TnysNCUPdjciGhY=
gopkg.in/sourcemap.v1 v1.0.5 h1:inv58fC9f9J3TK2Y2R1NPntXEn3/wjWHkonhIUODNTI=
gopkg.in/sourcemap.v1 v1.0.5/go.mod h1:2RlvNNSMglmRrcvhfuzp4hQHwOtjxlbjX7UPY/GXb78=
